version = 1
revision = 3
requires-python = "==3.12.*"

[[package]]
name = "app"
version = "0.1.0"
source = { virtual = "." }
dependencies = [
    { name = "argon2-cffi" },
    { name = "boto3" },
    { name = "django" },
    { name = "django-cors-headers" },
    { name = "django-db-connection-pool", extra = ["postgresql"] },
    { name = "django-filter" },
    { name = "django-ratelimit" },
    { name = "django-storages", extra = ["s3"] },
    { name = "djangorestframework" },
    { name = "pillow" },
    { name = "psycopg2-binary" },
    { name = "pyjwt" },
    { name = "python-dotenv" },
]

[package.metadata]
requires-dist = [
    { name = "argon2-cffi", specifier = "==23.1.0" },
    { name = "boto3", specifier = "==1.43.51" },
    { name = "django", specifier = "==6.0.1" },
    { name = "django-cors-headers", specifier = "==4.9.0" },
    { name = "django-db-connection-pool", extras = ["postgresql"], specifier = "==1.2.6" },
    { name = "django-filter", specifier = "==25.2" },
    { name = "django-ratelimit", specifier = "==4.1.0" },
    { name = "django-storages", extras = ["s3"], specifier = "==1.14.6" },
    { name = "djangorestframework", specifier = "==3.16.1" },
    { name = "pillow", specifier = ">=9.0" },
    { name = "psycopg2-binary", specifier = "==2.9.11" },
    { name = "pyjwt", specifier = "==2.8.0" },
    { name = "python-dotenv", specifier = "==1.0.1" },
]

[[package]]
name = "argon2-cffi"
version = "23.1.0"
source = { registry = "https://pypi.org/simple" }
dependencies = [
    { name = "argon2-cffi-bindings" },
]
sdist = { url = "https://files.pythonhosted.org/packages/31/fa/57ec2c6d16ecd2ba0cf15f3c7d1c3c2e7b5fcb83555ff56d7ab10888ec8f/argon2_cffi-23.1.0.tar.gz", hash = "sha256:879c3e79a2729ce768ebb7d36d4609e3a78a4ca2ec3a9f12286ca057e3d0db08", size = 42798, upload-time = "2023-08-15T14:13:12.711Z" }
wheels = [
    { url = "https://files.pythonhosted.org/packages/a4/6a/e8a041599e78b6b3752da48000b14c8d1e8a04ded09c88c714ba047f34f5/argon2_cffi-23.1.0-py3-none-any.whl", hash = "sha256:c670642b78ba29641818ab2e68bd4e6a78ba53b7eff7b4c3815ae16abf91c7ea", size = 15124, upload-time = "2023-08-15T14:13:10.752Z" },
]

[[package]]
name = "argon2-cffi-bindings"
version = "26.1.0"
source = { registry = "https://pypi.org/simple" }
dependencies = [
    { name = "cffi" },
]
sdist = { url = "https://files.pythonhosted.org/packages/0b/43/bb8b6e8708d49a5ab36781333af092d9f483b198a2710d01281204640055/argon2_cffi_bindings-26.1.0.tar.gz", hash = "sha256:63505c71542a44b68b1e38060450fb006404170da375feb31af153e7f9c6205d", size = 1790807, upload-time = "2026-08-20T07:44:22.492Z" }
wheels = [
    { url = "https://files.pythonhosted.org/packages/e7/d2/0ae991f1b2181e5be49007c574710a800ad36c2978683addb3e67c474e55/argon2_cffi_bindings-26.1.0-cp310-abi3-macosx_11_0_arm64.whl", hash = "sha256:21ca0396fe5ec995dd54431c32698189666f9224810acfa752e50d2bd94d9df2", size = 25521, upload-time = "2026-08-20T07:32:43.019Z" },
    { url = "https://files.pythonhosted.org/packages/7e/e4/ad91d8297638aa2258aad4501c306aca99480dfe76ccd638173fa3702db9/argon2_cffi_bindings-26.1.0-cp310-abi3-manylinux_2_26_aarch64.manylinux_2_28_aarch64.whl", hash = "sha256:78de2d65e0b9ea7ce9d1b1c3e87297b2d7305a02c266ee2a2d6910daddd7ee69", size = 27177, upload-time = "2026-08-20T07:32:44.158Z" },
    { url = "https://files.pythonhosted.org/packages/6f/86/5363df11b86d02cf3662208e7406496327649cc90eb365bf6f4e8a54a41f/argon2_cffi_bindings-26.1.0-cp310-abi3-manylinux_2_26_x86_64.manylinux_2_28_x86_64.whl", hash = "sha256:27f1821903e2ceadcb88ec2b45ef190897b7682449c772f4d9b53e42c520cf29", size = 26597, upload-time = "2026-08-20T07:32:45.172Z" },
    { url = "https://files.pythonhosted.org/packages/f4/b5/a14dcc592652347dad23ee93b278a4da5d2a25c9ed3ebd10d68eea823a4f/argon2_cffi_bindings-26.1.0-cp310-abi3-manylinux_2_34_riscv64.manylinux_2_39_riscv64.whl", hash = "sha256:d88e5f7e60f28ae0b0cc6b2f16c43e87cd642a196a86f85e0d8bb6fe016fc16d", size = 27403, upload-time = "2026-08-20T07:32:46.13Z" },
    { url = "https://files.pythonhosted.org/packages/b3/81/b4a20d4902af7f796390bf9245ff83c5217dfa7367efa1d14986956c482b/argon2_cffi_bindings-26.1.0-cp310-abi3-musllinux_1_2_aarch64.whl", hash = "sha256:34b7d9c24a4165a2c61cc8ae11d44d48c9ce2830fb536cb7914e11fdd9962728", size = 27132, upload-time = "2026-08-20T07:32:47.13Z" },
    { url = "https://files.pythonhosted.org/packages/7e/1b/c8de358af07b1c490e0fcb863ef98e46ddb486e45567aca5a60bd68d9daa/argon2_cffi_bindings-26.1.0-cp310-abi3-musllinux_1_2_riscv64.whl", hash = "sha256:224865cbbcb7a2bd1356741dff12b0134df726b6d44bb7b500df8e303cbd9e81", size = 27588, upload-time = "2026-08-20T07:32:48.087Z" },
    { url = "https://files.pythonhosted.org/packages/48/2f/7ee62a6e79f9309f9d9982d301b22a00010adb580c05c8109b94d7b33de0/argon2_cffi_bindings-26.1.0-cp310-abi3-musllinux_1_2_x86_64.whl", hash = "sha256:ffff613aaa9ce6236766e2fc6dc560bb5abde7a2e2416e3db1f9ae395a2b4dd4", size = 26785, upload-time = "2026-08-20T07:32:48.977Z" },
    { url = "https://files.pythonhosted.org/packages/e9/10/960d0ee93d4897741bcaf4799c697dae2d81499f66fd1ed042a7dd54c1f4/argon2_cffi_bindings-26.1.0-cp310-abi3-win32.whl", hash = "sha256:a86c069c91a747a2c4e5c51473590aeb48172fff9b2130d23729a42d98665ecb", size = 23898, upload-time = "2026-08-20T07:32:50.114Z" },
    { url = "https://files.pythonhosted.org/packages/6d/3a/0cc14a05810e6add9bce5e87693334baa2222de5f647fa31781885b6573f/argon2_cffi_bindings-26.1.0-cp310-abi3-win_amd64.whl", hash = "sha256:2c36ff87b5dfaa477d0bd51e9d7f6abdae7c8955d2983c97419085d842154b3e", size = 25730, upload-time = "2026-08-20T07:32:51.091Z" },
    { url = "https://files.pythonhosted.org/packages/4e/db/d83cf2af140547f0b9cdaece05b2dc2dcbf991be4667331d073eff771435/argon2_cffi_bindings-26.1.0-cp310-abi3-win_arm64.whl", hash = "sha256:f9c4420a7a864fe1b86ce35befc95b8e39fb852493b81cf798671ddc265de638", size = 24478, upload-time = "2026-08-20T07:32:52.111Z" },
]

[[package]]
name = "asgiref"
version = "3.12.1"
source = { registry = "https://pypi.org/simple" }
sdist = { url = "https://files.pythonhosted.org/packages/e6/26/3b59f2bdae5f640389becb1f673cded775287f5fc4f816309d9ca9a3f93d/asgiref-3.12.1.tar.gz", hash = "sha256:59dcb51c272ad209d59bed5708a64a333083e86017d7fcdd67498eeab7784340", size = 42378, upload-time = "2026-07-14T09:56:18.087Z" }
wheels = [
    { url = "https://files.pythonhosted.org/packages/c0/1b/54f4ad77cd8a584fa70746c47df988e002cf1ee1eba43364d46f87803647/asgiref-3.12.1-py3-none-any.whl", hash = "sha256:fe386d1c2bff7259ea95929266d12a8cf9a8b5a1c2598402967d8792e7a7c094", size = 25478, upload-time = "2026-07-14T09:56:16.926Z" },
]

[[package]]
name = "boto3"
version = "1.43.51"
source = { registry = "https://pypi.org/simple" }
dependencies = [
    { name = "botocore" },
    { name = "jmespath" },
    { name = "s3transfer" },
]
sdist = { url = "https://files.pythonhosted.org/packages/a2/4f/b93620c09e81b8dd28558e73862d7b61f938c5a9db9366fab4b0bb53512f/boto3-1.43.51.tar.gz", hash = "sha256:b5a416cc703db73b69b22bef563c89c1fb14a4b10a93628d3c7abc4dd1aaf979", size = 112649, upload-time = "2026-07-17T19:33:23.358Z" }
wheels = [
    { url = "https://files.pythonhosted.org/packages/85/7e/86204db9235f08e051a83e039ec5af209211e3ac51ed3644c4350c150b72/boto3-1.43.51-py3-none-any.whl", hash = "sha256:a97057bb609fd38c80448db6a93db770786775dabd651401debf09816d4553d7", size = 140030, upload-time = "2026-07-17T19:33:21.381Z" },
]

[[package]]
name = "botocore"
version = "1.43.97"
source = { registry = "https://pypi.org/simple" }
dependencies = [
    { name = "jmespath" },
    { name = "python-dateutil" },
    { name = "urllib3" },
]
sdist = { url = "https://files.pythonhosted.org/packages/f9/c7/aff84828bc3cd05328c65650320be27bb13e63f37917f1aba3f6309498c8/botocore-1.43.97.tar.gz", hash = "sha256:7c0e18686367e98de49826d8ac9ae951ce0915c172969a5d96b768c9afa9e979", size = 16120115, upload-time = "2026-09-17T19:28:48.141Z" }
wheels = [
    { url = "https://files.pythonhosted.org/packages/a9/3b/ffb7780e5f4c6af60eee31b8badd2762bba1793ca05f926e9381919c7d85/botocore-1.43.97-py3-none-any.whl", hash = "sha256:6b2beefd4f515aa7bfc614c945493a19315577ff31b464abbc9e33b7aff5112c", size = 15813332, upload-time = "2026-09-17T19:28:45.248Z" },
]

[[package]]
name = "cffi"
version = "2.1.1"
source = { registry = "https://pypi.org/simple" }
dependencies = [
    { name = "pycparser", marker = "implementation_name != 'PyPy'" },
]
sdist = { url = "https://files.pythonhosted.org/packages/9e/ef/008a1939e372c06329a3fce4279c02f328488f3526744906eeec3da7ad5f/cffi-2.1.1.tar.gz", hash = "sha256:dd31f52ea1086513bb9df30f8fcee9b8918323ae067a3d5b78bc826a000712be", size = 530807, upload-time = "2026-08-03T21:21:18.939Z" }
wheels = [
    { url = "https://files.pythonhosted.org/packages/10/69/43965eccfdead3b9220015fd1320e117be8c6ed01a62ffab76eeb752f5d5/cffi-2.1.1-cp312-cp312-macosx_10_15_x86_64.whl", hash = "sha256:c8c69575568085ba0b1b10c0249d779a214aea6f6522e949a0fc9fb0fcb449d0", size = 184821, upload-time = "2026-08-03T21:19:44.887Z" },
    { url = "https://files.pythonhosted.org/packages/54/7d/16e5a096677b5e313ca80cd5e5170efa3ea44624a82bb111925522da64b1/cffi-2.1.1-cp312-cp312-macosx_11_0_arm64.whl", hash = "sha256:f81b3b8f3d4e343550fa4baa0e479bba9f2d29ce9c2e9b51d1ce1718d7442fcf", size = 184719, upload-time = "2026-08-03T21:19:46.129Z" },
    { url = "https://files.pythonhosted.org/packages/56/e6/8941622732edec876dd17d0453dce07317ae96db34f2ec1436c9d3785986/cffi-2.1.1-cp312-cp312-manylinux1_i686.manylinux2014_i686.manylinux_2_17_i686.manylinux_2_5_i686.whl", hash = "sha256:811bd1e21d32de12efca32393a0ab3f5133b54fce9bd44b8bd77ab07da14bf6a", size = 214799, upload-time = "2026-08-03T21:19:47.218Z" },
    { url = "https://files.pythonhosted.org/packages/44/de/f98430906df1545ffde0d543dd124a7a439bc2cd32b36b9c53f805df7333/cffi-2.1.1-cp312-cp312-manylinux2014_aarch64.manylinux_2_17_aarch64.whl", hash = "sha256:68e62fe11f30d5ca8289242866f0a5291402d8529ca2178ab8afc5c9694ae890", size = 222389, upload-time = "2026-08-03T21:19:48.331Z" },
    { url = "https://files.pythonhosted.org/packages/6a/5b/717f1526b9957b34456313c31645c5b82b8fb5c3fe9e4752999be7128bfc/cffi-2.1.1-cp312-cp312-manylinux2014_ppc64le.manylinux_2_17_ppc64le.whl", hash = "sha256:4a7c934f7360e8cd64fe9efadcbd10c7c6364f531e432b9a4bf5ccbc9e0e8b50", size = 210249, upload-time = "2026-08-03T21:19:49.543Z" },
    { url = "https://files.pythonhosted.org/packages/64/b3/f8aa4f3e34986c7e4ec45072d1b1b9dd295b6b18007b45518d79726dd725/cffi-2.1.1-cp312-cp312-manylinux2014_s390x.manylinux_2_17_s390x.whl", hash = "sha256:3143d81e29e1e20a9ce10901ec369012947876596f75a222235965f2b7ae832e", size = 208775, upload-time = "2026-08-03T21:19:50.918Z" },
    { url = "https://files.pythonhosted.org/packages/b1/db/dceb9dd5b231e1da801793f8acc9f3c52a7e1afe40bb1aae37e02b0faad5/cffi-2.1.1-cp312-cp312-manylinux2014_x86_64.manylinux_2_17_x86_64.whl", hash = "sha256:c1453022f490d2459a11819d83ad1d586e9ff65a12ac3e705ffebd46d3685dcf", size = 221822, upload-time = "2026-08-03T21:19:52.054Z" },
    { url = "https://files.pythonhosted.org/packages/a0/d2/6cd24ae3be000a634109c247d1475d62e5616d0dc78c82770942ec384248/cffi-2.1.1-cp312-cp312-musllinux_1_2_aarch64.whl", hash = "sha256:208f941bb9d18e768138677f0a6d2ce01f590df56043dda1df1535ac57c88517", size = 225232, upload-time = "2026-08-03T21:19:53.109Z" },
    { url = "https://files.pythonhosted.org/packages/cb/52/3fa190537004dd7f0ab860a6dc7c0175b8667f68d1e618a46f5498d30250/cffi-2.1.1-cp312-cp312-musllinux_1_2_x86_64.whl", hash = "sha256:210019b6c7cf07f081b4c54635c8cf744377001350e29cc0f81c4377b4797735", size = 223597, upload-time = "2026-08-03T21:19:54.515Z" },
    { url = "https://files.pythonhosted.org/packages/80/fb/0bb75b7039588c074b37ae99f40d9bfddf990ecb2fbc346ebccd2e56b9be/cffi-2.1.1-cp312-cp312-win32.whl", hash = "sha256:046bfc24911b37851ee1b51aab8bffe713d89c68c6a057b09484ce9fd5f69b4e", size = 175292, upload-time = "2026-08-03T21:19:55.566Z" },
    { url = "https://files.pythonhosted.org/packages/d9/79/615cc094e2fb508cade7de88d3b4f6c4ec2bab695c97bce9153dc65aadf5/cffi-2.1.1-cp312-cp312-win_amd64.whl", hash = "sha256:f53e442b08449d42821fa4a4fba000095af9f62742a500f978a9f557ec44339a", size = 185919, upload-time = "2026-08-03T21:19:56.89Z" },
    { url = "https://files.pythonhosted.org/packages/70/c6/d0ea84713fe46b243a436a18fcd47d639732747e21635c8a27191b06dc30/cffi-2.1.1-cp312-cp312-win_arm64.whl", hash = "sha256:7bde5e4cc5c10140859842b9d383af292b22639a4dffb725314baf45968cef80", size = 180093, upload-time = "2026-08-03T21:19:58.155Z" },
]

[[package]]
name = "django"
version = "6.0.1"
source = { registry = "https://pypi.org/simple" }
dependencies = [
    { name = "asgiref" },
    { name = "sqlparse" },
    { name = "tzdata", marker = "sys_platform == 'win32'" },
]
sdist = { url = "https://files.pythonhosted.org/packages/b5/9b/016f7e55e855ee738a352b05139d4f8b278d0b451bd01ebef07456ef3b0e/django-6.0.1.tar.gz", hash = "sha256:ed76a7af4da21551573b3d9dfc1f53e20dd2e6c7d70a3adc93eedb6338130a5f", size = 11069565, upload-time = "2026-01-06T18:55:53.069Z" }
wheels = [
    { url = "https://files.pythonhosted.org/packages/95/b5/814ed98bd21235c116fd3436a7ed44d47560329a6d694ec8aac2982dbb93/django-6.0.1-py3-none-any.whl", hash = "sha256:a92a4ff14f664a896f9849009cb8afaca7abe0d6fc53325f3d1895a15253433d", size = 8338791, upload-time = "2026-01-06T18:55:46.175Z" },
]

[[package]]
name = "django-cors-headers"
version = "4.9.0"
source = { registry = "https://pypi.org/simple" }
dependencies = [
    { name = "asgiref" },
    { name = "django" },
]
sdist = { url = "https://files.pythonhosted.org/packages/21/39/55822b15b7ec87410f34cd16ce04065ff390e50f9e29f31d6d116fc80456/django_cors_headers-4.9.0.tar.gz", hash = "sha256:fe5d7cb59fdc2c8c646ce84b727ac2bca8912a247e6e68e1fb507372178e59e8", size = 21458, upload-time = "2025-09-18T10:40:52.326Z" }
wheels = [
    { url = "https://files.pythonhosted.org/packages/30/d8/19ed1e47badf477d17fb177c1c19b5a21da0fd2d9f093f23be3fb86c5fab/django_cors_headers-4.9.0-py3-none-any.whl", hash = "sha256:15c7f20727f90044dcee2216a9fd7303741a864865f0c3657e28b7056f61b449", size = 12809, upload-time = "2025-09-18T10:40:50.843Z" },
]

[[package]]
name = "django-db-connection-pool"
version = "1.2.6"
source = { registry = "https://pypi.org/simple" }
dependencies = [
    { name = "django" },
    { name = "sqlalchemy" },
    { name = "sqlparams" },
]
wheels = [
    { url = "https://files.pythonhosted.org/packages/b2/43/b1141323fd68c8571dcc032f2be3766e531fc5386e722884db255c1f14f3/django_db_connection_pool-1.2.6-py3-none-any.whl", hash = "sha256:80436d8228dfcbad02b75b5f65b328968105ef204672e7d84156407a82dbc5f4", size = 20712, upload-time = "2025-05-05T03:18:13.074Z" },
]

[package.optional-dependencies]
postgresql = [
    { name = "psycopg-binary" },
]

[[package]]
name = "django-filter"
version = "25.2"
source = { registry = "https://pypi.org/simple" }
dependencies = [
    { name = "django" },
]
sdist = { url = "https://files.pythonhosted.org/packages/2c/e4/465d2699cd388c0005fb8d6ae6709f239917c6d8790ac35719676fffdcf3/django_filter-25.2.tar.gz", hash = "sha256:760e984a931f4468d096f5541787efb8998c61217b73006163bf2f9523fe8f23", size = 143818, upload-time = "2025-10-05T09:51:31.521Z" }
wheels = [
    { url = "https://files.pythonhosted.org/packages/c1/40/6a02495c5658beb1f31eb09952d8aa12ef3c2a66342331ce3a35f7132439/django_filter-25.2-py3-none-any.whl", hash = "sha256:9c0f8609057309bba611062fe1b720b4a873652541192d232dd28970383633e3", size = 94145, upload-time = "2025-10-05T09:51:29.728Z" },
]

[[package]]
name = "django-ratelimit"
version = "4.1.0"
source = { registry = "https://pypi.org/simple" }
sdist = { url = "https://files.pythonhosted.org/packages/6f/8f/94038fe739b095aca3e4708ecc8a4e77f1fcfd87bed5d6baff43d4c80bc4/django-ratelimit-4.1.0.tar.gz", hash = "sha256:555943b283045b917ad59f196829530d63be2a39adb72788d985b90c81ba808b", size = 11551, upload-time = "2023-07-24T20:34:32.374Z" }
wheels = [
    { url = "https://files.pythonhosted.org/packages/fb/78/2c59b30cd8bc8068d02349acb6aeed5c4e05eb01cdf2107ccd76f2e81487/django_ratelimit-4.1.0-py2.py3-none-any.whl", hash = "sha256:d047a31cf94d83ef1465d7543ca66c6fc16695559b5f8d814d1b51df15110b92", size = 11608, upload-time = "2023-07-24T20:34:31.362Z" },
]

[[package]]
name = "django-storages"
version = "1.14.6"
source = { registry = "https://pypi.org/simple" }
dependencies = [
    { name = "django" },
]
sdist = { url = "https://files.pythonhosted.org/packages/ff/d6/2e50e378fff0408d558f36c4acffc090f9a641fd6e084af9e54d45307efa/django_storages-1.14.6.tar.gz", hash = "sha256:7a25ce8f4214f69ac9c7ce87e2603887f7ae99326c316bc8d2d75375e09341c9", size = 87587, upload-time = "2025-04-02T02:34:55.103Z" }
wheels = [
    { url = "https://files.pythonhosted.org/packages/1f/21/3cedee63417bc5553eed0c204be478071c9ab208e5e259e97287590194f1/django_storages-1.14.6-py3-none-any.whl", hash = "sha256:11b7b6200e1cb5ffcd9962bd3673a39c7d6a6109e8096f0e03d46fab3d3aabd9", size = 33095, upload-time = "2025-04-02T02:34:53.291Z" },
]

[package.optional-dependencies]
s3 = [
    { name = "boto3" },
]

[[package]]
name = "djangorestframework"
version = "3.16.1"
source = { registry = "https://pypi.org/simple" }
dependencies = [
    { name = "django" },
]
sdist = { url = "https://files.pythonhosted.org/packages/8a/95/5376fe618646fde6899b3cdc85fd959716bb67542e273a76a80d9f326f27/djangorestframework-3.16.1.tar.gz", hash = "sha256:166809528b1aced0a17dc66c24492af18049f2c9420dbd0be29422029cfc3ff7", size = 1089735, upload-time = "2025-08-06T17:50:53.251Z" }
wheels = [
    { url = "https://files.pythonhosted.org/packages/b0/ce/bf8b9d3f415be4ac5588545b5fcdbbb841977db1c1d923f7568eeabe1689/djangorestframework-3.16.1-py3-none-any.whl", hash = "sha256:33a59f47fb9c85ede792cbf88bde71893bcda0667bc573f784649521f1102cec", size = 1080442, upload-time = "2025-08-06T17:50:50.667Z" },
]

[[package]]
name = "greenlet"
version = "3.5.6"
source = { registry = "https://pypi.org/simple" }
sdist = { url = "https://files.pythonhosted.org/packages/3e/6e/0091f175ccd02b02bc8811bbcbcc6ac2e980be116e3b2f7a736ca322bf84/greenlet-3.5.6.tar.gz", hash = "sha256:8e67c43bdfc88d5fee6db0d3e40175b362fc95fb85f0412d233b9b203c53a575", size = 207653, upload-time = "2026-09-14T15:42:51.806Z" }
wheels = [
    { url = "https://files.pythonhosted.org/packages/72/18/3fc6d951466ae9a2a688edcddde3b2e388da0a8244e0caf7117bbeb0eb95/greenlet-3.5.6-cp312-cp312-macosx_11_0_universal2.whl", hash = "sha256:a5876d0a60355af98d535c47f6cd6eb0f8a432396dab26845d380b92f8412422", size = 295668, upload-time = "2026-09-14T14:22:33.241Z" },
    { url = "https://files.pythonhosted.org/packages/27/89/366d2af5061eeefa5012f510d95a99c8620dcc457609838db4d538820318/greenlet-3.5.6-cp312-cp312-manylinux_2_24_aarch64.manylinux_2_28_aarch64.whl", hash = "sha256:e85880b538e59a59f55117b81f208a6660ad5ac328aad9305f812d9b8bc67a0f", size = 611700, upload-time = "2026-09-14T15:12:01.962Z" },
    { url = "https://files.pythonhosted.org/packages/54/1c/07f133f865fd58ae593dd2bbec3144acaee9b04ffe2eb48c6e121747ceef/greenlet-3.5.6-cp312-cp312-manylinux_2_24_ppc64le.manylinux_2_28_ppc64le.whl", hash = "sha256:f0ba7c2a329d650628f4c8572fd1db29f0a59dd70a3e3e0710dcf18a35cce9d8", size = 624223, upload-time = "2026-09-14T15:20:42.459Z" },
    { url = "https://files.pythonhosted.org/packages/66/6a/1594f3869c57c149abdb380492529e04d4c0229b5e4d79572c5bd0aaa673/greenlet-3.5.6-cp312-cp312-manylinux_2_24_x86_64.manylinux_2_28_x86_64.whl", hash = "sha256:975736b002ed080d124cf81a79cb7e05cb26d6b3f5c7a7b651c0fcce70353aa1", size = 621404, upload-time = "2026-09-14T14:35:59.027Z" },
    { url = "https://files.pythonhosted.org/packages/a2/f5/33e5c9e48178b9259fd000f8f45caa4a65036f65d3d0c06a602f570f025d/greenlet-3.5.6-cp312-cp312-musllinux_1_2_aarch64.whl", hash = "sha256:0616b8f878098c5681fd8f0dc92d887551717402342a70f0abcbfea5f5ad8a44", size = 1584998, upload-time = "2026-09-14T15:10:06.653Z" },
    { url = "https://files.pythonhosted.org/packages/ef/31/9b4e140bc24d0ad7927ebd651f5608b0acc2334d061748c3b6ad19085cfa/greenlet-3.5.6-cp312-cp312-musllinux_1_2_x86_64.whl", hash = "sha256:3dbb4596a6a4e5d47121a33ff20533a81e60f302d9e67b69909a8bc21a43f0a7", size = 1647568, upload-time = "2026-09-14T14:35:49.787Z" },
    { url = "https://files.pythonhosted.org/packages/c3/71/d79f1791f824f8ff15c2978746640467ae932a2365e0201069f7f272395f/greenlet-3.5.6-cp312-cp312-win_amd64.whl", hash = "sha256:7ac4abb3877c43af320392c664774eef6fa2cc063c79a55fc02d844a3cbe7395", size = 324203, upload-time = "2026-09-14T14:22:54.504Z" },
    { url = "https://files.pythonhosted.org/packages/63/af/42aca4d56e8cb321912203069d8d34734cb288222f10ad2ae102718cc577/greenlet-3.5.6-cp312-cp312-win_arm64.whl", hash = "sha256:301102a49120b095e72a7838792b41233975fc1c155daec6d98f81c00c9280e0", size = 308310, upload-time = "2026-09-14T14:24:03.008Z" },
]

[[package]]
name = "jmespath"
version = "1.1.0"
source = { registry = "https://pypi.org/simple" }
sdist = { url = "https://files.pythonhosted.org/packages/d3/59/322338183ecda247fb5d1763a6cbe46eff7222eaeebafd9fa65d4bf5cb11/jmespath-1.1.0.tar.gz", hash = "sha256:472c87d80f36026ae83c6ddd0f1d05d4e510134ed462851fd5f754c8c3cbb88d", size = 27377, upload-time = "2026-01-22T16:35:26.279Z" }
wheels = [
    { url = "https://files.pythonhosted.org/packages/14/2f/967ba146e6d58cf6a652da73885f52fc68001525b4197effc174321d70b4/jmespath-1.1.0-py3-none-any.whl", hash = "sha256:a5663118de4908c91729bea0acadca56526eb2698e83de10cd116ae0f4e97c64", size = 20419, upload-time = "2026-01-22T16:35:24.919Z" },
]

[[package]]
name = "pillow"
version = "12.3.0"
source = { registry = "https://pypi.org/simple" }
sdist = { url = "https://files.pythonhosted.org/packages/1c/3d/bb7fca845737cf9d7dbde16ed1843984665ff2e0a518f5db43e77ec540b9/pillow-12.3.0.tar.gz", hash = "sha256:3b8182a766685eaa002637e28b4ec8d6b18819a0c71f579bf0dbaa5830297cce", size = 47025035, upload-time = "2026-07-01T11:56:38.965Z" }
wheels = [
    { url = "https://files.pythonhosted.org/packages/37/bf/fb3ebff8ddcb76aac5a01389251bbbb9519922a9b520d8247c1ca864a25d/pillow-12.3.0-cp312-cp312-macosx_10_13_x86_64.whl", hash = "sha256:ba09209fbe443b4acccebe845d8a138b89a8f4fbaeedd44953490b5315d5e965", size = 5345969, upload-time = "2026-07-01T11:54:06.397Z" },
    { url = "https://files.pythonhosted.org/packages/d8/66/9a386a92561f402389a4fc70c18838bf6d35eb5eb5c6850b4b2dc64f5048/pillow-12.3.0-cp312-cp312-macosx_11_0_arm64.whl", hash = "sha256:ffd0c5368496f41b0944be820fcb7a838aa6e623d250b01acf2643939c3f99d7", size = 4780323, upload-time = "2026-07-01T11:54:09.351Z" },
    { url = "https://files.pythonhosted.org/packages/25/27/ac8f99618ffd3dde21db0f4d4b1d2ab00c0880595bfd17df103f7f39fd0c/pillow-12.3.0-cp312-cp312-manylinux_2_27_aarch64.manylinux_2_28_aarch64.whl", hash = "sha256:d9c7f76c0673154f044e9d78c8655fb4213f6ca31a836df48b40fe5d187717b9", size = 6266838, upload-time = "2026-07-01T11:54:11.71Z" },
    { url = "https://files.pythonhosted.org/packages/84/21/a35af28dcc61f37ed850a2d64c65c701321dfbf25085e469d5559360cbbf/pillow-12.3.0-cp312-cp312-manylinux_2_27_x86_64.manylinux_2_28_x86_64.whl", hash = "sha256:78cb2c6865a35ab8ff8b75fd122f6033b92a62c82801110e48ddd6c936a45d91", size = 6940830, upload-time = "2026-07-01T11:54:13.732Z" },
    { url = "https://files.pythonhosted.org/packages/eb/51/8b08617af3ad95e33ce6d7dd2c99ed6c8298f7fb131636303956be022e25/pillow-12.3.0-cp312-cp312-musllinux_1_2_aarch64.whl", hash = "sha256:e491916b378fba47242221bb9ead245211b70d504f495d105d17b14a24b4907c", size = 6344383, upload-time = "2026-07-01T11:54:15.756Z" },
    { url = "https://files.pythonhosted.org/packages/1d/72/cf78ac9780bb93c28328f408973845a309d4d145041665f734572ced1b52/pillow-12.3.0-cp312-cp312-musllinux_1_2_x86_64.whl", hash = "sha256:0dd2064cbc55aaec028ef5fbb60fa47bb6c3e7918e07ff17935284b227a9d2df", size = 7052934, upload-time = "2026-07-01T11:54:17.721Z" },
    { url = "https://files.pythonhosted.org/packages/20/20/25e0f4dc178a6bc0696793720055519a0de89e7661dae886992decbd2f81/pillow-12.3.0-cp312-cp312-win32.whl", hash = "sha256:dbce0b29841537a2fa4a214c2bbf14de3587c9680caa9b4e217568472490b28f", size = 6472684, upload-time = "2026-07-01T11:54:19.839Z" },
    { url = "https://files.pythonhosted.org/packages/45/89/da2f7971a317f83d807fdd4065c0af40208e59e692cc43d315a71a0e96d1/pillow-12.3.0-cp312-cp312-win_amd64.whl", hash = "sha256:a2b55dd6b2a4c4b7d87ffa56bdb33fdc5fdb9a462173861a7bc097f17d91cb09", size = 7227137, upload-time = "2026-07-01T11:54:22.025Z" },
    { url = "https://files.pythonhosted.org/packages/de/47/4845a0a6c0dbf1db8456bd9fc791f13c5ced7ced20606d08a0aacfd25b49/pillow-12.3.0-cp312-cp312-win_arm64.whl", hash = "sha256:331b624368d4f1d069149002f25f44bc61c8919ce8ddb3c45bdad8f6e2d89510", size = 2568267, upload-time = "2026-07-01T11:54:24.051Z" },
]

[[package]]
name = "psycopg-binary"
version = "3.3.5"
source = { registry = "https://pypi.org/simple" }
wheels = [
    { url = "https://files.pythonhosted.org/packages/5e/83/ba396428a4fb6b70f0dd41315ad86a2c14441b7214afd47b2d49cb450b78/psycopg_binary-3.3.5-cp312-cp312-macosx_10_13_x86_64.whl", hash = "sha256:25105f9b46bdf2a30fcb67f56976ed66f6855941ae16bc024192609b917d493c", size = 4700169, upload-time = "2026-08-31T22:41:39.712Z" },
    { url = "https://files.pythonhosted.org/packages/4f/56/b23c5978e55cf4effdc5a3e13a17d69a580a487993e01b7c3768dd24281c/psycopg_binary-3.3.5-cp312-cp312-macosx_11_0_arm64.whl", hash = "sha256:0249c3e960cdee686000eb77169fb6590105c05bacc37e057ccdffdcd8e6ebde", size = 4763037, upload-time = "2026-08-31T22:41:47.571Z" },
    { url = "https://files.pythonhosted.org/packages/fd/d8/b41108bfe194b4098076c8b873b05ec2ca9582445eccfd9075970d7b948e/psycopg_binary-3.3.5-cp312-cp312-manylinux2014_ppc64le.manylinux_2_17_ppc64le.whl", hash = "sha256:5698ab5941a4d138c30fef858588e651fe7d583280cd6e41832825ad9e747750", size = 5546232, upload-time = "2026-08-31T22:41:55.817Z" },
    { url = "https://files.pythonhosted.org/packages/21/d1/0f244dfef389e52e9dc3056f2a9033d1f6901e97d24d9a9c8b836e32ab6b/psycopg_binary-3.3.5-cp312-cp312-manylinux2014_x86_64.manylinux_2_17_x86_64.whl", hash = "sha256:682a17a57415c3ca1731eec018ed031f012ffcb81ba74806eb219cb396065672", size = 5227752, upload-time = "2026-08-31T22:42:03.776Z" },
    { url = "https://files.pythonhosted.org/packages/31/88/a4781365f09807fb91435e2d00096f3f6ae5d06bce15ef3c3c385dc22772/psycopg_binary-3.3.5-cp312-cp312-manylinux_2_27_aarch64.manylinux_2_28_aarch64.whl", hash = "sha256:d2a61e8147902771df7efe14062a3c8736347850d0d8befcf048235752504f2e", size = 6824658, upload-time = "2026-08-31T22:42:13.263Z" },
    { url = "https://files.pythonhosted.org/packages/65/f1/072c4a46287644694731b3e40fab120ebacf6d153cce7ebf7a5b208f5561/psycopg_binary-3.3.5-cp312-cp312-manylinux_2_38_riscv64.manylinux_2_39_riscv64.whl", hash = "sha256:f7e1e45aad410e20de45df2b159df68ff6c8dbf47a3501f806c4489b27f4ad2b", size = 5061439, upload-time = "2026-08-31T22:42:18.591Z" },
    { url = "https://files.pythonhosted.org/packages/e2/d6/1776a95c16941b8bbce89407cc7cf9ea3fd557efb503a40873c9e2b6394f/psycopg_binary-3.3.5-cp312-cp312-musllinux_1_2_aarch64.whl", hash = "sha256:c09775c549b40b274206e1b043c5e5b5af39666e85c98382a30bd05d23ab677b", size = 4588586, upload-time = "2026-08-31T22:42:25.23Z" },
    { url = "https://files.pythonhosted.org/packages/82/64/44ec87b9a74faebe966856307b65c0d35ee6321ce509cdd0e8d6a3f5338b/psycopg_binary-3.3.5-cp312-cp312-musllinux_1_2_ppc64le.whl", hash = "sha256:cf0e5e63ee86098299c673992053d556c489ba9ae6aca6cb6e24d16a8e0b09e6", size = 4265161, upload-time = "2026-08-31T22:42:31.864Z" },
    { url = "https://files.pythonhosted.org/packages/24/88/cf181df5651395a80afc520f5fefac72beb035c0c9d58ab7fcc880c9b221/psycopg_binary-3.3.5-cp312-cp312-musllinux_1_2_riscv64.whl", hash = "sha256:c065531e8c1815276f50dbfa283e3a7f022671414cdda6fa9a16794dd53b28f9", size = 3998727, upload-time = "2026-08-31T22:42:38.436Z" },
    { url = "https://files.pythonhosted.org/packages/43/1e/c72a1107647db4bb3f534c7fe1b57b1957d9c099e795f5aa81f4a2e0c312/psycopg_binary-3.3.5-cp312-cp312-musllinux_1_2_x86_64.whl", hash = "sha256:df9853b832b7b916e02ef68e0d5403a7dab2d5c1ddfe94f22b1b155eb862622f", size = 4310119, upload-time = "2026-08-31T22:42:46.403Z" },
    { url = "https://files.pythonhosted.org/packages/03/8d/452620608cafff164737e20b42ebffee8151b865ee171ba0d6692a560a44/psycopg_binary-3.3.5-cp312-cp312-win_amd64.whl", hash = "sha256:35885e333020fc152d27bea1a494bef13b2e68f6fd92b6229015e93539152008", size = 3648197, upload-time = "2026-08-31T22:42:51.575Z" },
]

[[package]]
name = "psycopg2-binary"
version = "2.9.11"
source = { registry = "https://pypi.org/simple" }
sdist = { url = "https://files.pythonhosted.org/packages/ac/6c/8767aaa597ba424643dc87348c6f1754dd9f48e80fdc1b9f7ca5c3a7c213/psycopg2-binary-2.9.11.tar.gz", hash = "sha256:b6aed9e096bf63f9e75edf2581aa9a7e7186d97ab5c177aa6c87797cd591236c", size = 379620, upload-time = "2025-10-10T11:14:48.041Z" }
wheels = [
    { url = "https://files.pythonhosted.org/packages/d8/91/f870a02f51be4a65987b45a7de4c2e1897dd0d01051e2b559a38fa634e3e/psycopg2_binary-2.9.11-cp312-cp312-macosx_10_13_x86_64.whl", hash = "sha256:be9b840ac0525a283a96b556616f5b4820e0526addb8dcf6525a0fa162730be4", size = 3756603, upload-time = "2025-10-10T11:11:52.213Z" },
    { url = "https://files.pythonhosted.org/packages/27/fa/cae40e06849b6c9a95eb5c04d419942f00d9eaac8d81626107461e268821/psycopg2_binary-2.9.11-cp312-cp312-macosx_11_0_arm64.whl", hash = "sha256:f090b7ddd13ca842ebfe301cd587a76a4cf0913b1e429eb92c1be5dbeb1a19bc", size = 3864509, upload-time = "2025-10-10T11:11:56.452Z" },
    { url = "https://files.pythonhosted.org/packages/2d/75/364847b879eb630b3ac8293798e380e441a957c53657995053c5ec39a316/psycopg2_binary-2.9.11-cp312-cp312-manylinux2014_aarch64.manylinux_2_17_aarch64.whl", hash = "sha256:ab8905b5dcb05bf3fb22e0cf90e10f469563486ffb6a96569e51f897c750a76a", size = 4411159, upload-time = "2025-10-10T11:12:00.49Z" },
    { url = "https://files.pythonhosted.org/packages/6f/a0/567f7ea38b6e1c62aafd58375665a547c00c608a471620c0edc364733e13/psycopg2_binary-2.9.11-cp312-cp312-manylinux2014_ppc64le.manylinux_2_17_ppc64le.whl", hash = "sha256:bf940cd7e7fec19181fdbc29d76911741153d51cab52e5c21165f3262125685e", size = 4468234, upload-time = "2025-10-10T11:12:04.892Z" },
    { url = "https://files.pythonhosted.org/packages/30/da/4e42788fb811bbbfd7b7f045570c062f49e350e1d1f3df056c3fb5763353/psycopg2_binary-2.9.11-cp312-cp312-manylinux2014_x86_64.manylinux_2_17_x86_64.whl", hash = "sha256:fa0f693d3c68ae925966f0b14b8edda71696608039f4ed61b1fe9ffa468d16db", size = 4166236, upload-time = "2025-10-10T11:12:11.674Z" },
    { url = "https://files.pythonhosted.org/packages/3c/94/c1777c355bc560992af848d98216148be5f1be001af06e06fc49cbded578/psycopg2_binary-2.9.11-cp312-cp312-manylinux_2_38_riscv64.manylinux_2_39_riscv64.whl", hash = "sha256:a1cf393f1cdaf6a9b57c0a719a1068ba1069f022a59b8b1fe44b006745b59757", size = 3983083, upload-time = "2025-10-30T02:55:15.73Z" },
    { url = "https://files.pythonhosted.org/packages/bd/42/c9a21edf0e3daa7825ed04a4a8588686c6c14904344344a039556d78aa58/psycopg2_binary-2.9.11-cp312-cp312-musllinux_1_2_aarch64.whl", hash = "sha256:ef7a6beb4beaa62f88592ccc65df20328029d721db309cb3250b0aae0fa146c3", size = 3652281, upload-time = "2025-10-10T11:12:17.713Z" },
    { url = "https://files.pythonhosted.org/packages/12/22/dedfbcfa97917982301496b6b5e5e6c5531d1f35dd2b488b08d1ebc52482/psycopg2_binary-2.9.11-cp312-cp312-musllinux_1_2_ppc64le.whl", hash = "sha256:31b32c457a6025e74d233957cc9736742ac5a6cb196c6b68499f6bb51390bd6a", size = 3298010, upload-time = "2025-10-10T11:12:22.671Z" },
    { url = "https://files.pythonhosted.org/packages/66/ea/d3390e6696276078bd01b2ece417deac954dfdd552d2edc3d03204416c0c/psycopg2_binary-2.9.11-cp312-cp312-musllinux_1_2_riscv64.whl", hash = "sha256:edcb3aeb11cb4bf13a2af3c53a15b3d612edeb6409047ea0b5d6a21a9d744b34", size = 3044641, upload-time = "2025-10-30T02:55:19.929Z" },
    { url = "https://files.pythonhosted.org/packages/12/9a/0402ded6cbd321da0c0ba7d34dc12b29b14f5764c2fc10750daa38e825fc/psycopg2_binary-2.9.11-cp312-cp312-musllinux_1_2_x86_64.whl", hash = "sha256:62b6d93d7c0b61a1dd6197d208ab613eb7dcfdcca0a49c42ceb082257991de9d", size = 3347940, upload-time = "2025-10-10T11:12:26.529Z" },
    { url = "https://files.pythonhosted.org/packages/b1/d2/99b55e85832ccde77b211738ff3925a5d73ad183c0b37bcbbe5a8ff04978/psycopg2_binary-2.9.11-cp312-cp312-win_amd64.whl", hash = "sha256:b33fabeb1fde21180479b2d4667e994de7bbf0eec22832ba5d9b5e4cf65b6c6d", size = 2714147, upload-time = "2025-10-10T11:12:29.535Z" },
]

[[package]]
name = "pycparser"
version = "3.0"
source = { registry = "https://pypi.org/simple" }
sdist = { url = "https://files.pythonhosted.org/packages/1b/7d/92392ff7815c21062bea51aa7b87d45576f649f16458d78b7cf94b9ab2e6/pycparser-3.0.tar.gz", hash = "sha256:600f49d217304a5902ac3c37e1281c9fe94e4d0489de643a9504c5cdfdfc6b29", size = 103492, upload-time = "2026-01-21T14:26:51.89Z" }
wheels = [
    { url = "https://files.pythonhosted.org/packages/0c/c3/44f3fbbfa403ea2a7c779186dc20772604442dde72947e7d01069cbe98e3/pycparser-3.0-py3-none-any.whl", hash = "sha256:b727414169a36b7d524c1c3e31839a521725078d7b2ff038656844266160a992", size = 48172, upload-time = "2026-01-21T14:26:50.693Z" },
]

[[package]]
name = "pyjwt"
version = "2.8.0"
source = { registry = "https://pypi.org/simple" }
sdist = { url = "https://files.pythonhosted.org/packages/30/72/8259b2bccfe4673330cea843ab23f86858a419d8f1493f66d413a76c7e3b/PyJWT-2.8.0.tar.gz", hash = "sha256:57e28d156e3d5c10088e0c68abb90bfac3df82b40a71bd0daa20c65ccd5c23de", size = 78313, upload-time = "2023-07-18T20:02:22.594Z" }
wheels = [
    { url = "https://files.pythonhosted.org/packages/2b/4f/e04a8067c7c96c364cef7ef73906504e2f40d690811c021e1a1901473a19/PyJWT-2.8.0-py3-none-any.whl", hash = "sha256:59127c392cc44c2da5bb3192169a91f429924e17aff6534d70fdc02ab3e04320", size = 22591, upload-time = "2023-07-18T20:02:21.561Z" },
]

[[package]]
name = "python-dateutil"
version = "2.9.0.post0"
source = { registry = "https://pypi.org/simple" }
dependencies = [
    { name = "six" },
]
sdist = { url = "https://files.pythonhosted.org/packages/66/c0/0c8b6ad9f17a802ee498c46e004a0eb49bc148f2fd230864601a86dcf6db/python-dateutil-2.9.0.post0.tar.gz", hash = "sha256:37dd54208da7e1cd875388217d5e00ebd4179249f90fb72437e91a35459a0ad3", size = 342432, upload-time = "2024-03-01T18:36:20.211Z" }
wheels = [
    { url = "https://files.pythonhosted.org/packages/ec/57/56b9bcc3c9c6a792fcbaf139543cee77261f3651ca9da0c93f5c1221264b/python_dateutil-2.9.0.post0-py2.py3-none-any.whl", hash = "sha256:a8b2bc7bffae282281c8140a97d3aa9c14da0b136dfe83f850eea9a5f7470427", size = 229892, upload-time = "2024-03-01T18:36:18.57Z" },
]

[[package]]
name = "python-dotenv"
version = "1.0.1"
source = { registry = "https://pypi.org/simple" }
sdist = { url = "https://files.pythonhosted.org/packages/bc/57/e84d88dfe0aec03b7a2d4327012c1627ab5f03652216c63d49846d7a6c58/python-dotenv-1.0.1.tar.gz", hash = "sha256:e324ee90a023d808f1959c46bcbc04446a10ced277783dc6ee09987c37ec10ca", size = 39115, upload-time = "2024-01-23T06:33:00.505Z" }
wheels = [
    { url = "https://files.pythonhosted.org/packages/6a/3e/b68c118422ec867fa7ab88444e1274aa40681c606d59ac27de5a5588f082/python_dotenv-1.0.1-py3-none-any.whl", hash = "sha256:f7b63ef50f1b690dddf550d03497b66d609393b40b564ed0d674909a68ebf16a", size = 19863, upload-time = "2024-01-23T06:32:58.246Z" },
]

[[package]]
name = "s3transfer"
version = "0.19.2"
source = { registry = "https://pypi.org/simple" }
dependencies = [
    { name = "botocore" },
]
sdist = { url = "https://files.pythonhosted.org/packages/76/43/35e4d8aa320bffe8287fe8f65f578fa2d2db0a64212f0e710dce58267854/s3transfer-0.19.2.tar.gz", hash = "sha256:ba0309fd86be3c27dbf78cdd813c13c5e1df16e5874b99d2535ebbdfb9892993", size = 165592, upload-time = "2026-07-22T19:30:44.432Z" }
wheels = [
    { url = "https://files.pythonhosted.org/packages/bc/e7/5c595c75e9f41a44f30e526eda465ea0b4eec93470e074e4a111b253f13a/s3transfer-0.19.2-py3-none-any.whl", hash = "sha256:d8168eccca828cbb2cd573675333f3bddd254313a9c42494b84c76b539e8ba25", size = 90216, upload-time = "2026-07-22T19:30:43.251Z" },
]

[[package]]
name = "six"
version = "1.17.0"
source = { registry = "https://pypi.org/simple" }
sdist = { url = "https://files.pythonhosted.org/packages/94/e7/b2c673351809dca68a0e064b6af791aa332cf192da575fd474ed7d6f16a2/six-1.17.0.tar.gz", hash = "sha256:ff70335d468e7eb6ec65b95b99d3a2836546063f63acc5171de367e834932a81", size = 34031, upload-time = "2024-12-04T17:35:28.174Z" }
wheels = [
    { url = "https://files.pythonhosted.org/packages/b7/ce/149a00dd41f10bc29e5921b496af8b574d8413afcd5e30dfa0ed46c2cc5e/six-1.17.0-py2.py3-none-any.whl", hash = "sha256:4721f391ed90541fddacab5acf947aa0d3dc7d27b2e1e8eda2be8970586c3274", size = 11050, upload-time = "2024-12-04T17:35:26.475Z" },
]

[[package]]
name = "sqlalchemy"
version = "2.0.54"
source = { registry = "https://pypi.org/simple" }
dependencies = [
    { name = "greenlet", marker = "platform_machine == 'AMD64' or platform_machine == 'WIN32' or platform_machine == 'aarch64' or platform_machine == 'amd64' or platform_machine == 'ppc64le' or platform_machine == 'win32' or platform_machine == 'x86_64'" },
    { name = "typing-extensions" },
]
sdist = { url = "https://files.pythonhosted.org/packages/29/9c/271aa905cf2964f841371a97f3e63ab692bf51b4423d0491e67bc7f64037/sqlalchemy-2.0.54.tar.gz", hash = "sha256:baa8521e8ee9f24e75dfc7aaabc08020e551ef0d48d7c3e3536f5cddf277586b", size = 9969559, upload-time = "2026-09-15T21:06:57.337Z" }
wheels = [
    { url = "https://files.pythonhosted.org/packages/c6/30/75504fd1d70458000e85a3e772333dd0fbf80254b0dc4d41c99922e4d112/sqlalchemy-2.0.54-cp312-cp312-macosx_11_0_arm64.whl", hash = "sha256:ffba7eb2d67c7505e82a0902aa854d8824b74c28a183820d6a8bd3cfd0f812c2", size = 2187596, upload-time = "2026-09-15T22:32:37.031Z" },
    { url = "https://files.pythonhosted.org/packages/a2/3d/5dfbb9528a391186a99986daecc5cbe003f34408dee91db8f5cdcf917040/sqlalchemy-2.0.54-cp312-cp312-manylinux2014_aarch64.manylinux_2_17_aarch64.manylinux_2_28_aarch64.whl", hash = "sha256:63cae7210fea9899e0bf35c1f1ae55d3ddd9c6d47cae8b6b43d945afa79dd65b", size = 3448745, upload-time = "2026-09-15T22:40:18.168Z" },
    { url = "https://files.pythonhosted.org/packages/d9/93/34fdc4a4faced77037a6b3ba1db1acd92e9bd12c21e229b327edd1d3e881/sqlalchemy-2.0.54-cp312-cp312-manylinux2014_x86_64.manylinux_2_17_x86_64.manylinux_2_28_x86_64.whl", hash = "sha256:68d994e9b0d0423a02a20039631fa6fcbb7fa829a992f7605025774940305d19", size = 3466644, upload-time = "2026-09-15T22:35:37.7Z" },
    { url = "https://files.pythonhosted.org/packages/66/68/4beab40ae60ac3d679dbbb46bc0d2bb277013264a0bde37ecaf4b6780e98/sqlalchemy-2.0.54-cp312-cp312-musllinux_1_2_aarch64.whl", hash = "sha256:3de32cc6721eb42c3aad35bcfb244bb7a18f66c00f3582aae6281d6287a339b5", size = 3401519, upload-time = "2026-09-15T22:40:19.907Z" },
    { url = "https://files.pythonhosted.org/packages/e5/df/a24757e3249b1c7c1c5f0317666d16a8ab901ba239819ecef29eb4ed172e/sqlalchemy-2.0.54-cp312-cp312-musllinux_1_2_x86_64.whl", hash = "sha256:d31a2bc06a854ee52dd86b455be4df7c750b28817e2d1b884e31fff126c4fd7b", size = 3432590, upload-time = "2026-09-15T22:35:39.434Z" },
    { url = "https://files.pythonhosted.org/packages/d9/0c/69559e3d90d200fbfe9c44aff39a9ff4e506b1a3e9557a203d69df721244/sqlalchemy-2.0.54-cp312-cp312-win32.whl", hash = "sha256:32de6deded25e8b9b11d07428d496ff24dfbc882b8e990c177266948cb5f3d9e", size = 2140825, upload-time = "2026-09-15T21:25:22.444Z" },
    { url = "https://files.pythonhosted.org/packages/d9/10/4a0f7113664c2877906db143709c52ddbd28a88e4d51f0b520bc30048ba7/sqlalchemy-2.0.54-cp312-cp312-win_amd64.whl", hash = "sha256:d65f8ca742ef1e1e14bc417ef59dc2ddf207a7b66b30cfdc6152447314e030cf", size = 2170005, upload-time = "2026-09-15T21:25:23.885Z" },
    { url = "https://files.pythonhosted.org/packages/24/a1/bd5e3e99bc9c8863b51ac5b9b03008a7f2da8c6b59695992f5c654e1265b/sqlalchemy-2.0.54-py3-none-any.whl", hash = "sha256:7e33a631ab1474f8fe6b910bd1a07b7b8009c4c78cdd3fb18001b03e3bc2e1d2", size = 1958015, upload-time = "2026-09-15T22:24:22.95Z" },
]

[[package]]
name = "sqlparams"
version = "6.2.0"
source = { registry = "https://pypi.org/simple" }
sdist = { url = "https://files.pythonhosted.org/packages/76/ec/5d6a5ca217ecd7b08d404b7dc2025c752bdb393c9b34fcc6d48e1f70bb7e/sqlparams-6.2.0.tar.gz", hash = "sha256:3744a2ad16f71293db6505b21fd5229b4757489a9b09f3553656a1ae97ba7ca5", size = 34932, upload-time = "2025-01-25T16:21:59.646Z" }
wheels = [
    { url = "https://files.pythonhosted.org/packages/97/e2/f1355629bb1eeb274babc947e2ba4e2e49250e934c86adcce3e54943bc8a/sqlparams-6.2.0-py3-none-any.whl", hash = "sha256:63b32ed9051bdc52e7e8b38bc4f78aed51796cdd9135e730f4c6a7db1048dedf", size = 17629, upload-time = "2025-01-25T16:21:58.272Z" },
]

[[package]]
name = "sqlparse"
version = "0.6.0"
source = { registry = "https://pypi.org/simple" }
sdist = { url = "https://files.pythonhosted.org/packages/5f/d3/3f06a1006f2261d1342aefb3c71eed02f5d4ca5bdbecd86ebc12ad38306e/sqlparse-0.6.0.tar.gz", hash = "sha256:113c35c75365ab9cc9c7231d68c6428fb11c085fc8e9eb1ad659b7ddbf6cd2b9", size = 178477, upload-time = "2026-08-13T19:16:06.396Z" }
wheels = [
    { url = "https://files.pythonhosted.org/packages/d9/50/f00935da0ec7cbf325f8dc4f772ae46fbc7b672dd62876e73f0a94adda57/sqlparse-0.6.0-py3-none-any.whl", hash = "sha256:b861c0288ce2fa56209a9a6412d2e066ac664b3873b89c26c9d8415e8e32996f", size = 50070, upload-time = "2026-08-13T19:16:04.062Z" },
]

[[package]]
name = "typing-extensions"
version = "4.16.0"
source = { registry = "https://pypi.org/simple" }
sdist = { url = "https://files.pythonhosted.org/packages/f6/cc/6253133b5bb138fc3306cebfbda2c520f545d36b5be2c7255cc528bb45d6/typing_extensions-4.16.0.tar.gz", hash = "sha256:dc983d19a509c94dba722ee6abd33940f7c05a89e243c47e907eb4db6f1a43e5", size = 113555, upload-time = "2026-07-02T08:40:05.92Z" }
wheels = [
    { url = "https://files.pythonhosted.org/packages/49/d3/b8441a820a491ddfc024b0b0cf0393375b75ea13866d9c66727e54c2fc80/typing_extensions-4.16.0-py3-none-any.whl", hash = "sha256:481caa481374e813c1b176ada14e97f1f67a4539ce9cfeb3f350d78d6370c2e8", size = 45571, upload-time = "2026-07-02T08:40:04.659Z" },
]

[[package]]
name = "tzdata"
version = "2026.4"
source = { registry = "https://pypi.org/simple" }
sdist = { url = "https://files.pythonhosted.org/packages/e4/31/3d74fa778a63b98b7374323befcc0be5ab3bd94afd4096a0124e7379152c/tzdata-2026.4.tar.gz", hash = "sha256:f1b8bd365d8d210c55353f4d7f8d6d8561c0ba50d704b700d195a9424bba0d79", size = 199350, upload-time = "2026-09-12T12:56:03.251Z" }
wheels = [
    { url = "https://files.pythonhosted.org/packages/f9/bc/8737e8d54cf51106118039b83f485a4783112fab49ea9d044b234978a46e/tzdata-2026.4-py2.py3-none-any.whl", hash = "sha256:c2169a8b0a7a5e9674da5a135ccdfb2b3e671b333ed9fed17b41f73c34476e81", size = 347494, upload-time = "2026-09-12T12:56:01.67Z" },
]

[[package]]
name = "urllib3"
version = "2.8.0"
source = { registry = "https://pypi.org/simple" }
sdist = { url = "https://files.pythonhosted.org/packages/e3/05/b17359e1cefb4f909b5e40b1b90a496d987258916dbbf88e842c729f510e/urllib3-2.8.0.tar.gz", hash = "sha256:63bf2ead4c879426ebf22ef2a781eeb4aa3b4ae798a0435506f8687fd5bb9b63", size = 458972, upload-time = "2026-09-15T19:29:36.253Z" }
wheels = [
    { url = "https://files.pythonhosted.org/packages/92/9d/c4e665119135114480843e7ab388fa94d8480650450e6f8e26b70d323a4c/urllib3-2.8.0-py3-none-any.whl", hash = "sha256:0cf3cae568d36aa9576b28dfb35f11328f1cb974ca7647d9475ebb86c75ac6e3", size = 135717, upload-time = "2026-09-15T19:29:34.577Z" },
]
